// !$*UTF8*$!
{
	archiveVersion = 1;
	classes = {
	};
	objectVersion = 46;
	objects = {

/* Begin PBXBuildFile section */
		0FE2ED891626F14000C7E3A3 /* UIKit.framework in Frameworks */ = {isa = PBXBuildFile; fileRef = 0FE2ED881626F14000C7E3A3 /* UIKit.framework */; };
		0FE2ED8B1626F14000C7E3A3 /* Foundation.framework in Frameworks */ = {isa = PBXBuildFile; fileRef = 0FE2ED8A1626F14000C7E3A3 /* Foundation.framework */; };
		0FE2ED8D1626F14000C7E3A3 /* CoreGraphics.framework in Frameworks */ = {isa = PBXBuildFile; fileRef = 0FE2ED8C1626F14000C7E3A3 /* CoreGraphics.framework */; };
		0FE2ED931626F14000C7E3A3 /* InfoPlist.strings in Resources */ = {isa = PBXBuildFile; fileRef = 0FE2ED911626F14000C7E3A3 /* InfoPlist.strings */; };
		0FE2ED951626F14000C7E3A3 /* main.m in Sources */ = {isa = PBXBuildFile; fileRef = 0FE2ED941626F14000C7E3A3 /* main.m */; };
		0FE2ED991626F14000C7E3A3 /* AppDelegate.m in Sources */ = {isa = PBXBuildFile; fileRef = 0FE2ED981626F14000C7E3A3 /* AppDelegate.m */; };
/* End PBXBuildFile section */

/* Begin PBXFileReference section */
		0FE2ED841626F13F00C7E3A3 /* GitHub.app */ = {isa = PBXFileReference; explicitFileType = wrapper.application; includeInIndex = 0; path = GitHub.app; sourceTree = BUILT_PRODUCTS_DIR; };
		0FE2ED881626F14000C7E3A3 /* UIKit.framework */ = {isa = PBXFileReference; lastKnownFileType = wrapper.framework; name = UIKit.framework; path = System/Library/Frameworks/UIKit.framework; sourceTree = SDKROOT; };
		0FE2ED8A1626F14000C7E3A3 /* Foundation.framework */ = {isa = PBXFileReference; lastKnownFileType = wrapper.framework; name = Foundation.framework; path = System/Library/Frameworks/Foundation.framework; sourceTree = SDKROOT; };
		0FE2ED8C1626F14000C7E3A3 /* CoreGraphics.framework */ = {isa = PBXFileReference; lastKnownFileType = wrapper.framework; name = CoreGraphics.framework; path = System/Library/Frameworks/CoreGraphics.framework; sourceTree = SDKROOT; };
		0FE2ED901626F14000C7E3A3 /* GitHub-Info.plist */ = {isa = PBXFileReference; path = "GitHub-Info.plist"; sourceTree = "<group>"; };
		0FE2ED921626F14000C7E3A3 /* en */ = {isa = PBXFileReference; lastKnownFileType = text.plist.strings; name = en; path = en.lproj/InfoPlist.strings; sourceTree = "<group>"; };
		0FE2ED941626F14000C7E3A3 /* main.m */ = {isa = PBXFileReference; lastKnownFileType = sourcecode.c.objc; path = main.m; sourceTree = "<group>"; };
		0FE2ED961626F14000C7E3A3 /* GitHub-Prefix.pch */ = {isa = PBXFileReference; path = "GitHub-Prefix.pch"; sourceTree = "<group>"; };
		0FE2ED971626F14000C7E3A3 /* AppDelegate.h */ = {isa = PBXFileReference; path = AppDelegate.h; sourceTree = "<group>"; };
		0FE2ED981626F14000C7E3A3 /* AppDelegate.m */ = {isa = PBXFileReference; lastKnownFileType = sourcecode.c.objc; path = AppDelegate.m; sourceTree = "<group>"; };
/* End PBXFileReference section */

/* Begin PBXFrameworksBuildPhase section */
		0FE2ED811626F13F00C7E3A3 /* Frameworks */ = {
			isa = PBXFrameworksBuildPhase;
			buildActionMask = 2147483647;
			files = (
				0FE2ED891626F14000C7E3A3 /* UIKit.framework in Frameworks */,
				0FE2ED8B1626F14000C7E3A3 /* Foundation.framework in Frameworks */,
				0FE2ED8D1626F14000C7E3A3 /* CoreGraphics.framework in Frameworks */,
			);
			runOnlyForDeploymentPostprocessing = 0;
		};
/* End PBXFrameworksBuildPhase section */

/* Begin PBXGroup section */
		0FE2ED791626F13F00C7E3A3 = {
			isa = PBXGroup;
			children = (
				0FE2ED8E1626F14000C7E3A3 /* GitHub */,
				0FE2ED871626F14000C7E3A3 /* Frameworks */,
				0FE2ED851626F13F00C7E3A3 /* Products */,
			);
			sourceTree = "<group>";
		};
		0FE2ED851626F13F00C7E3A3 /* Products */ = {
			isa = PBXGroup;
			children = (
				0FE2ED841626F13F00C7E3A3 /* GitHub.app */,
			);
			name = Products;
			sourceTree = "<group>";
		};
		0FE2ED871626F14000C7E3A3 /* Frameworks */ = {
			isa = PBXGroup;
			children = (
				0FE2ED881626F14000C7E3A3 /* UIKit.framework */,
				0FE2ED8A1626F14000C7E3A3 /* Foundation.framework */,
				0FE2ED8C1626F14000C7E3A3 /* CoreGraphics.framework */,
			);
			name = Frameworks;
			sourceTree = "<group>";
		};
		0FE2ED8E1626F14000C7E3A3 /* GitHub */ = {
			isa = PBXGroup;
			children = (
				0FE2ED971626F14000C7E3A3 /* AppDelegate.h */,
				0FE2ED981626F14000C7E3A3 /* AppDelegate.m */,
				0FE2ED8F1626F14000C7E3A3 /* Supporting Files */,
			);
			path = GitHub;
			sourceTree = "<group>";
		};
		0FE2ED8F1626F14000C7E3A3 /* Supporting Files */ = {
			isa = PBXGroup;
			children = (
				0FE2ED901626F14000C7E3A3 /* GitHub-Info.plist */,
				0FE2ED911626F14000C7E3A3 /* InfoPlist.strings */,
				0FE2ED941626F14000C7E3A3 /* main.m */,
				0FE2ED961626F14000C7E3A3 /* GitHub-Prefix.pch */,
			);
			name = "Supporting Files";
			sourceTree = "<group>";
		};
/* End PBXGroup section */

/* Begin PBXNativeTarget section */
		0FE2ED831626F13F00C7E3A3 /* GitHub */ = {
			isa = PBXNativeTarget;
			buildConfigurationList = 0FE2ED9C1626F14000C7E3A3 /* Build configuration list for PBXNativeTarget "GitHub" */;
			buildPhases = (
				0FE2ED801626F13F00C7E3A3 /* Sources */,
				0FE2ED811626F13F00C7E3A3 /* Frameworks */,
				0FE2ED821626F13F00C7E3A3 /* Resources */,
			);
			buildRules = (
			);
			dependencies = (
			);
			name = GitHub;
			productName = GitHub;
			productReference = 0FE2ED841626F13F00C7E3A3 /* GitHub.app */;
			productType = "com.apple.product-type.application";
		};
/* End PBXNativeTarget section */

/* Begin PBXProject section */
		0FE2ED7B1626F13F00C7E3A3 /* Project object */ = {
			isa = PBXProject;
			attributes = {
				LastUpgradeCheck = 0430;
			};
			buildConfigurationList = 0FE2ED7E1626F13F00C7E3A3 /* Build configuration list for PBXProject "GitHub" */;
			compatibilityVersion = "Xcode 3.2";
			developmentRegion = English;
			hasScannedForEncodings = 0;
			knownRegions = (
				en,
			);
			mainGroup = 0FE2ED791626F13F00C7E3A3;
			productRefGroup = 0FE2ED851626F13F00C7E3A3 /* Products */;
			projectDirPath = "";
			projectRoot = "";
			targets = (
				0FE2ED831626F13F00C7E3A3 /* GitHub */,
			);
		};
/* End PBXProject section */

/* Begin PBXResourcesBuildPhase section */
		0FE2ED821626F13F00C7E3A3 /* Resources */ = {
			isa = PBXResourcesBuildPhase;
			buildActionMask = 2147483647;
			files = (
				0FE2ED931626F14000C7E3A3 /* InfoPlist.strings in Resources */,
			);
			runOnlyForDeploymentPostprocessing = 0;
		};
/* End PBXResourcesBuildPhase section */

/* Begin PBXSourcesBuildPhase section */
		0FE2ED801626F13F00C7E3A3 /* Sources */ = {
			isa = PBXSourcesBuildPhase;
			buildActionMask = 2147483647;
			files = (
				0FE2ED951626F14000C7E3A3 /* main.m in Sources */,
				0FE2ED991626F14000C7E3A3 /* AppDelegate.m in Sources */,
			);
			runOnlyForDeploymentPostprocessing = 0;
		};
/* End PBXSourcesBuildPhase section */

/* Begin PBXVariantGroup section */
		0FE2ED911626F14000C7E3A3 /* InfoPlist.strings */ = {
			isa = PBXVariantGroup;
			children = (
				0FE2ED921626F14000C7E3A3 /* en */,
			);
			name = InfoPlist.strings;
			sourceTree = "<group>";
		};
/* End PBXVariantGroup section */

/* Begin XCBuildConfiguration section */
		0FE2ED9A1626F14000C7E3A3 /* Debug */ = {
			isa = XCBuildConfiguration;
			buildSettings = {
				ALWAYS_SEARCH_USER_PATHS = NO;
				ARCHS = "$(ARCHS_STANDARD_32_BIT)";
				"CODE_SIGN_IDENTITY[sdk=iphoneos*]" = "iPhone Developer";
				COPY_PHASE_STRIP = NO;
				GCC_C_LANGUAGE_STANDARD = gnu99;
				GCC_DYNAMIC_NO_PIC = NO;
				GCC_OPTIMIZATION_LEVEL = 0;
				GCC_PREPROCESSOR_DEFINITIONS = (
					"DEBUG=1",
					"$(inherited)",
				);
				GCC_SYMBOLS_PRIVATE_EXTERN = NO;
				GCC_VERSION = com.apple.compilers.llvm.clang.1_0;
				GCC_WARN_ABOUT_RETURN_TYPE = YES;
				GCC_WARN_UNINITIALIZED_AUTOS = YES;
				GCC_WARN_UNUSED_VARIABLE = YES;
				IPHONEOS_DEPLOYMENT_TARGET = 5.1;
				SDKROOT = iphoneos;
			};
			name = Debug;
		};
		0FE2ED9B1626F14000C7E3A3 /* Release */ = {
			isa = XCBuildConfiguration;
			buildSettings = {
				ALWAYS_SEARCH_USER_PATHS = NO;
				ARCHS = "$(ARCHS_STANDARD_32_BIT)";
				"CODE_SIGN_IDENTITY[sdk=iphoneos*]" = "iPhone Developer";
				COPY_PHASE_STRIP = YES;
				GCC_C_LANGUAGE_STANDARD = gnu99;
				GCC_VERSION = com.apple.compilers.llvm.clang.1_0;
				GCC_WARN_ABOUT_RETURN_TYPE = YES;
				GCC_WARN_UNINITIALIZED_AUTOS = YES;
				GCC_WARN_UNUSED_VARIABLE = YES;
				IPHONEOS_DEPLOYMENT_TARGET = 5.1;
				OTHER_CFLAGS = "-DNS_BLOCK_ASSERTIONS=1";
				SDKROOT = iphoneos;
				VALIDATE_PRODUCT = YES;
			};
			name = Release;
		};
		0FE2ED9D1626F14000C7E3A3 /* Debug */ = {
			isa = XCBuildConfiguration;
			buildSettings = {
				GCC_PRECOMPILE_PREFIX_HEADER = YES;
				GCC_PREFIX_HEADER = "GitHub/GitHub-Prefix.pch";
				INFOPLIST_FILE = "GitHub/GitHub-Info.plist";
				PRODUCT_NAME = "$(TARGET_NAME)";
				WRAPPER_EXTENSION = app;
			};
			name = Debug;
		};
		0FE2ED9E1626F14000C7E3A3 /* Release */ = {
			isa = XCBuildConfiguration;
			buildSettings = {
				GCC_PRECOMPILE_PREFIX_HEADER = YES;
				GCC_PREFIX_HEADER = "GitHub/GitHub-Prefix.pch";
				INFOPLIST_FILE = "GitHub/GitHub-Info.plist";
				PRODUCT_NAME = "$(TARGET_NAME)";
				WRAPPER_EXTENSION = app;
			};
			name = Release;
		};
/* End XCBuildConfiguration section */

/* Begin XCConfigurationList section */
		0FE2ED7E1626F13F00C7E3A3 /* Build configuration list for PBXProject "GitHub" */ = {
			isa = XCConfigurationList;
			buildConfigurations = (
				0FE2ED9A1626F14000C7E3A3 /* Debug */,
				0FE2ED9B1626F14000C7E3A3 /* Release */,
			);
			defaultConfigurationIsVisible = 0;
			defaultConfigurationName = Release;
		};
		0FE2ED9C1626F14000C7E3A3 /* Build configuration list for PBXNativeTarget "GitHub" */ = {
			isa = XCConfigurationList;
			buildConfigurations = (
				0FE2ED9D1626F14000C7E3A3 /* Debug */,
				0FE2ED9E1626F14000C7E3A3 /* Release */,
			);
			defaultConfigurationIsVisible = 0;
		};
/* End XCConfigurationList section */
	};
	rootObject = 0FE2ED7B1626F13F00C7E3A3 /* Project object */;
}
